
Microsoft Visual Studio Solution File, Format Version 11.00
# Visual Studio 2010
# SharpDevelop 5.1
Project("{FAE04EC0-301F-11D3-BF4B-00C04F79EFBC}") = "GD77_CPS", "GD77_CPS.csproj", "{DEF0E499-718F-45BE-9052-2D41D049A434}"
EndProject
Global
	GlobalSection(SolutionConfigurationPlatforms) = preSolution
		Debug|Any CPU = Debug|Any CPU
		Release|Any CPU = Release|Any CPU
	EndGlobalSection
	GlobalSection(ProjectConfigurationPlatforms) = postSolution
		{DEF0E499-718F-45BE-9052-2D41D049A434}.Debug|Any CPU.ActiveCfg = Debug|x86
		{DEF0E499-718F-45BE-9052-2D41D049A434}.Debug|Any CPU.Build.0 = Debug|x86
		{DEF0E499-718F-45BE-9052-2D41D049A434}.Release|Any CPU.ActiveCfg = Release|Any CPU
		{DEF0E499-718F-45BE-9052-2D41D049A434}.Release|Any CPU.Build.0 = Release|Any CPU
	EndGlobalSection
	GlobalSection(SolutionProperties) = preSolution
		HideSolutionNode = FALSE
	EndGlobalSection
EndGlobal
